// !$*UTF8*$!
{
	archiveVersion = 1;
	classes = {
	};
	objectVersion = 46;
	objects = {

/* Begin PBXBuildFile section */
		288F828A1F1855D2008F3D8A /* AppDelegate.swift in Sources */ = {isa = PBXBuildFile; fileRef = 288F82891F1855D2008F3D8A /* AppDelegate.swift */; };
		288F828C1F1855D2008F3D8A /* ViewController.swift in Sources */ = {isa = PBXBuildFile; fileRef = 288F828B1F1855D2008F3D8A /* ViewController.swift */; };
		288F828F1F1855D2008F3D8A /* Main.storyboard in Resources */ = {isa = PBXBuildFile; fileRef = 288F828D1F1855D2008F3D8A /* Main.storyboard */; };
		288F82911F1855D2008F3D8A /* Assets.xcassets in Resources */ = {isa = PBXBuildFile; fileRef = 288F82901F1855D2008F3D8A /* Assets.xcassets */; };
		288F82941F1855D2008F3D8A /* LaunchScreen.storyboard in Resources */ = {isa = PBXBuildFile; fileRef = 288F82921F1855D2008F3D8A /* LaunchScreen.storyboard */; };
		288F829C1F1855E3008F3D8A /* ZJDoubleWaveView.swift in Sources */ = {isa = PBXBuildFile; fileRef = 288F829B1F1855E3008F3D8A /* ZJDoubleWaveView.swift */; };
/* End PBXBuildFile section */

/* Begin PBXFileReference section */
		288F82861F1855D2008F3D8A /* 014-SwiftPracticeDemo.app */ = {isa = PBXFileReference; explicitFileType = wrapper.application; includeInIndex = 0; path = "014-SwiftPracticeDemo.app"; sourceTree = BUILT_PRODUCTS_DIR; };
		288F82891F1855D2008F3D8A /* AppDelegate.swift */ = {isa = PBXFileReference; lastKnownFileType = sourcecode.swift; path = AppDelegate.swift; sourceTree = "<group>"; };
		288F828B1F1855D2008F3D8A /* ViewController.swift */ = {isa = PBXFileReference; lastKnownFileType = sourcecode.swift; path = ViewController.swift; sourceTree = "<group>"; };
		288F828E1F1855D2008F3D8A /* Base */ = {isa = PBXFileReference; lastKnownFileType = file.storyboard; name = Base; path = Base.lproj/Main.storyboard; sourceTree = "<group>"; };
		288F82901F1855D2008F3D8A /* Assets.xcassets */ = {isa = PBXFileReference; lastKnownFileType = folder.assetcatalog; path = Assets.xcassets; sourceTree = "<group>"; };
		288F82931F1855D2008F3D8A /* Base */ = {isa = PBXFileReference; lastKnownFileType = file.storyboard; name = Base; path = Base.lproj/LaunchScreen.storyboard; sourceTree = "<group>"; };
		288F82951F1855D2008F3D8A /* Info.plist */ = {isa = PBXFileReference; lastKnownFileType = text.plist.xml; path = Info.plist; sourceTree = "<group>"; };
		288F829B1F1855E3008F3D8A /* ZJDoubleWaveView.swift */ = {isa = PBXFileReference; fileEncoding = 4; lastKnownFileType = sourcecode.swift; path = ZJDoubleWaveView.swift; sourceTree = "<group>"; };
/* End PBXFileReference section */

/* Begin PBXFrameworksBuildPhase section */
		288F82831F1855D2008F3D8A /* Frameworks */ = {
			isa = PBXFrameworksBuildPhase;
			buildActionMask = 2147483647;
			files = (
			);
			runOnlyForDeploymentPostprocessing = 0;
		};
/* End PBXFrameworksBuildPhase section */

/* Begin PBXGroup section */
		288F827D1F1855D2008F3D8A = {
			isa = PBXGroup;
			children = (
				288F82881F1855D2008F3D8A /* 014-SwiftPracticeDemo */,
				288F82871F1855D2008F3D8A /* Products */,
			);
			sourceTree = "<group>";
		};
		288F82871F1855D2008F3D8A /* Products */ = {
			isa = PBXGroup;
			children = (
				288F82861F1855D2008F3D8A /* 014-SwiftPracticeDemo.app */,
			);
			name = Products;
			sourceTree = "<group>";
		};
		288F82881F1855D2008F3D8A /* 014-SwiftPracticeDemo */ = {
			isa = PBXGroup;
			children = (
				288F829B1F1855E3008F3D8A /* ZJDoubleWaveView.swift */,
				288F82891F1855D2008F3D8A /* AppDelegate.swift */,
				288F828B1F1855D2008F3D8A /* ViewController.swift */,
				288F828D1F1855D2008F3D8A /* Main.storyboard */,
				288F82901F1855D2008F3D8A /* Assets.xcassets */,
				288F82921F1855D2008F3D8A /* LaunchScreen.storyboard */,
				288F82951F1855D2008F3D8A /* Info.plist */,
			);
			path = "014-SwiftPracticeDemo";
			sourceTree = "<group>";
		};
/* End PBXGroup section */

/* Begin PBXNativeTarget section */
		288F82851F1855D2008F3D8A /* 014-SwiftPracticeDemo */ = {
			isa = PBXNativeTarget;
			buildConfigurationList = 288F82981F1855D2008F3D8A /* Build configuration list for PBXNativeTarget "014-SwiftPracticeDemo" */;
			buildPhases = (
				288F82821F1855D2008F3D8A /* Sources */,
				288F82831F1855D2008F3D8A /* Frameworks */,
				288F82841F1855D2008F3D8A /* Resources */,
			);
			buildRules = (
			);
			dependencies = (
			);
			name = "014-SwiftPracticeDemo";
			productName = "014-SwiftPracticeDemo";
			productReference = 288F82861F1855D2008F3D8A /* 014-SwiftPracticeDemo.app */;
			productType = "com.apple.product-type.application";
		};
/* End PBXNativeTarget section */

/* Begin PBXProject section */
		288F827E1F1855D2008F3D8A /* Project object */ = {
			isa = PBXProject;
			attributes = {
				LastSwiftUpdateCheck = 0830;
				LastUpgradeCheck = 0830;
				ORGANIZATIONNAME = DFHZ;
				TargetAttributes = {
					288F82851F1855D2008F3D8A = {
						CreatedOnToolsVersion = 8.3.3;
						DevelopmentTeam = N3DR39B4G7;
						ProvisioningStyle = Automatic;
					};
				};
			};
			buildConfigurationList = 288F82811F1855D2008F3D8A /* Build configuration list for PBXProject "014-SwiftPracticeDemo" */;
			compatibilityVersion = "Xcode 3.2";
			developmentRegion = English;
			hasScannedForEncodings = 0;
			knownRegions = (
				en,
				Base,
			);
			mainGroup = 288F827D1F1855D2008F3D8A;
			productRefGroup = 288F82871F1855D2008F3D8A /* Products */;
			projectDirPath = "";
			projectRoot = "";
			targets = (
				288F82851F1855D2008F3D8A /* 014-SwiftPracticeDemo */,
			);
		};
/* End PBXProject section */

/* Begin PBXResourcesBuildPhase section */
		288F82841F1855D2008F3D8A /* Resources */ = {
			isa = PBXResourcesBuildPhase;
			buildActionMask = 2147483647;
			files = (
				288F82941F1855D2008F3D8A /* LaunchScreen.storyboard in Resources */,
				288F82911F1855D2008F3D8A /* Assets.xcassets in Resources */,
				288F828F1F1855D2008F3D8A /* Main.storyboard in Resources */,
			);
			runOnlyForDeploymentPostprocessing = 0;
		};
/* End PBXResourcesBuildPhase section */

/* Begin PBXSourcesBuildPhase section */
		288F82821F1855D2008F3D8A /* Sources */ = {
			isa = PBXSourcesBuildPhase;
			buildActionMask = 2147483647;
			files = (
				288F828C1F1855D2008F3D8A /* ViewController.swift in Sources */,
				288F829C1F1855E3008F3D8A /* ZJDoubleWaveView.swift in Sources */,
				288F828A1F1855D2008F3D8A /* AppDelegate.swift in Sources */,
			);
			runOnlyForDeploymentPostprocessing = 0;
		};
/* End PBXSourcesBuildPhase section */

/* Begin PBXVariantGroup section */
		288F828D1F1855D2008F3D8A /* Main.storyboard */ = {
			isa = PBXVariantGroup;
			children = (
				288F828E1F1855D2008F3D8A /* Base */,
			);
			name = Main.storyboard;
			sourceTree = "<group>";
		};
		288F82921F1855D2008F3D8A /* LaunchScreen.storyboard */ = {
			isa = PBXVariantGroup;
			children = (
				288F82931F1855D2008F3D8A /* Base */,
			);
			name = LaunchScreen.storyboard;
			sourceTree = "<group>";
		};
/* End PBXVariantGroup section */

/* Begin XCBuildConfiguration section */
		288F82961F1855D2008F3D8A /* Debug */ = {
			isa = XCBuildConfiguration;
			buildSettings = {
				ALWAYS_SEARCH_USER_PATHS = NO;
				CLANG_ANALYZER_NONNULL = YES;
				CLANG_ANALYZER_NUMBER_OBJECT_CONVERSION = YES_AGGRESSIVE;
				CLANG_CXX_LANGUAGE_STANDARD = "gnu++0x";
				CLANG_CXX_LIBRARY = "libc++";
				CLANG_ENABLE_MODULES = YES;
				CLANG_ENABLE_OBJC_ARC = YES;
				CLANG_WARN_BOOL_CONVERSION = YES;
				CLANG_WARN_CONSTANT_CONVERSION = YES;
				CLANG_WARN_DIRECT_OBJC_ISA_USAGE = YES_ERROR;
				CLANG_WARN_DOCUMENTATION_COMMENTS = YES;
				CLANG_WARN_EMPTY_BODY = YES;
				CLANG_WARN_ENUM_CONVERSION = YES;
				CLANG_WARN_INFINITE_RECURSION = YES;
				CLANG_WARN_INT_CONVERSION = YES;
				CLANG_WARN_OBJC_ROOT_CLASS = YES_ERROR;
				CLANG_WARN_SUSPICIOUS_MOVE = YES;
				CLANG_WARN_UNREACHABLE_CODE = YES;
				CLANG_WARN__DUPLICATE_METHOD_MATCH = YES;
				"CODE_SIGN_IDENTITY[sdk=iphoneos*]" = "iPhone Developer";
				COPY_PHASE_STRIP = NO;
				DEBUG_INFORMATION_FORMAT = dwarf;
				ENABLE_STRICT_OBJC_MSGSEND = YES;
				ENABLE_TESTABILITY = YES;
				GCC_C_LANGUAGE_STANDARD = gnu99;
				GCC_DYNAMIC_NO_PIC = NO;
				GCC_NO_COMMON_BLOCKS = YES;
				GCC_OPTIMIZATION_LEVEL = 0;
				GCC_PREPROCESSOR_DEFINITIONS = (
					"DEBUG=1",
					"$(inherited)",
				);
				GCC_WARN_64_TO_32_BIT_CONVERSION = YES;
				GCC_WARN_ABOUT_RETURN_TYPE = YES_ERROR;
				GCC_WARN_UNDECLARED_SELECTOR = YES;
				GCC_WARN_UNINITIALIZED_AUTOS = YES_AGGRESSIVE;
				GCC_WARN_UNUSED_FUNCTION = YES;
				GCC_WARN_UNUSED_VARIABLE = YES;
				IPHONEOS_DEPLOYMENT_TARGET = 10.3;
				MTL_ENABLE_DEBUG_INFO = YES;
				ONLY_ACTIVE_ARCH = YES;
				SDKROOT = iphoneos;
				SWIFT_ACTIVE_COMPILATION_CONDITIONS = DEBUG;
				SWIFT_OPTIMIZATION_LEVEL = "-Onone";
				TARGETED_DEVICE_FAMILY = "1,2";
			};
			name = Debug;
		};
		288F82971F1855D2008F3D8A /* Release */ = {
			isa = XCBuildConfiguration;
			buildSettings = {
				ALWAYS_SEARCH_USER_PATHS = NO;
				CLANG_ANALYZER_NONNULL = YES;
				CLANG_ANALYZER_NUMBER_OBJECT_CONVERSION = YES_AGGRESSIVE;
				CLANG_CXX_LANGUAGE_STANDARD = "gnu++0x";
				CLANG_CXX_LIBRARY = "libc++";
				CLANG_ENABLE_MODULES = YES;
				CLANG_ENABLE_OBJC_ARC = YES;
				CLANG_WARN_BOOL_CONVERSION = YES;
				CLANG_WARN_CONSTANT_CONVERSION = YES;
				CLANG_WARN_DIRECT_OBJC_ISA_USAGE = YES_ERROR;
				CLANG_WARN_DOCUMENTATION_COMMENTS = YES;
				CLANG_WARN_EMPTY_BODY = YES;
				CLANG_WARN_ENUM_CONVERSION = YES;
				CLANG_WARN_INFINITE_RECURSION = YES;
				CLANG_WARN_INT_CONVERSION = YES;
				CLANG_WARN_OBJC_ROOT_CLASS = YES_ERROR;
				CLANG_WARN_SUSPICIOUS_MOVE = YES;
				CLANG_WARN_UNREACHABLE_CODE = YES;
				CLANG_WARN__DUPLICATE_METHOD_MATCH = YES;
				"CODE_SIGN_IDENTITY[sdk=iphoneos*]" = "iPhone Developer";
				COPY_PHASE_STRIP = NO;
				DEBUG_INFORMATION_FORMAT = "dwarf-with-dsym";
				ENABLE_NS_ASSERTIONS = NO;
				ENABLE_STRICT_OBJC_MSGSEND = YES;
				GCC_C_LANGUAGE_STANDARD = gnu99;
				GCC_NO_COMMON_BLOCKS = YES;
				GCC_WARN_64_TO_32_BIT_CONVERSION = YES;
				GCC_WARN_ABOUT_RETURN_TYPE = YES_ERROR;
				GCC_WARN_UNDECLARED_SELECTOR = YES;
				GCC_WARN_UNINITIALIZED_AUTOS = YES_AGGRESSIVE;
				GCC_WARN_UNUSED_FUNCTION = YES;
				GCC_WARN_UNUSED_VARIABLE = YES;
				IPHONEOS_DEPLOYMENT_TARGET = 10.3;
				MTL_ENABLE_DEBUG_INFO = NO;
				SDKROOT = iphoneos;
				SWIFT_OPTIMIZATION_LEVEL = "-Owholemodule";
				TARGETED_DEVICE_FAMILY = "1,2";
				VALIDATE_PRODUCT = YES;
			};
			name = Release;
		};
		288F82991F1855D2008F3D8A /* Debug */ = {
			isa = XCBuildConfiguration;
			buildSettings = {
				ASSETCATALOG_COMPILER_APPICON_NAME = AppIcon;
				DEVELOPMENT_TEAM = N3DR39B4G7;
				INFOPLIST_FILE = "014-SwiftPracticeDemo/Info.plist";
				LD_RUNPATH_SEARCH_PATHS = "$(inherited) @executable_path/Frameworks";
				PRODUCT_BUNDLE_IDENTIFIER = "com.dfhz.-14-SwiftPracticeDemo";
				PRODUCT_NAME = "$(TARGET_NAME)";
				SWIFT_VERSION = 3.0;
			};
			name = Debug;
		};
		288F829A1F1855D2008F3D8A /* Release */ = {
			isa = XCBuildConfiguration;
			buildSettings = {
				ASSETCATALOG_COMPILER_APPICON_NAME = AppIcon;
				DEVELOPMENT_TEAM = N3DR39B4G7;
				INFOPLIST_FILE = "014-SwiftPracticeDemo/Info.plist";
				LD_RUNPATH_SEARCH_PATHS = "$(inherited) @executable_path/Frameworks";
				PRODUCT_BUNDLE_IDENTIFIER = "com.dfhz.-14-SwiftPracticeDemo";
				PRODUCT_NAME = "$(TARGET_NAME)";
				SWIFT_VERSION = 3.0;
			};
			name = Release;
		};
/* End XCBuildConfiguration section */

/* Begin XCConfigurationList section */
		288F82811F1855D2008F3D8A /* Build configuration list for PBXProject "014-SwiftPracticeDemo" */ = {
			isa = XCConfigurationList;
			buildConfigurations = (
				288F82961F1855D2008F3D8A /* Debug */,
				288F82971F1855D2008F3D8A /* Release */,
			);
			defaultConfigurationIsVisible = 0;
			defaultConfigurationName = Release;
		};
		288F82981F1855D2008F3D8A /* Build configuration list for PBXNativeTarget "014-SwiftPracticeDemo" */ = {
			isa = XCConfigurationList;
			buildConfigurations = (
				288F82991F1855D2008F3D8A /* Debug */,
				288F829A1F1855D2008F3D8A /* Release */,
			);
			defaultConfigurationIsVisible = 0;
		};
/* End XCConfigurationList section */
	};
	rootObject = 288F827E1F1855D2008F3D8A /* Project object */;
}
