// !$*UTF8*$!
{
	archiveVersion = 1;
	classes = {
	};
	objectVersion = 46;
	objects = {

/* Begin PBXBuildFile section */
		2884FAC51F033DBA00A6ACFA /* AppDelegate.swift in Sources */ = {isa = PBXBuildFile; fileRef = 2884FAC41F033DBA00A6ACFA /* AppDelegate.swift */; };
		2884FAC71F033DBA00A6ACFA /* ViewController.swift in Sources */ = {isa = PBXBuildFile; fileRef = 2884FAC61F033DBA00A6ACFA /* ViewController.swift */; };
		2884FACA1F033DBA00A6ACFA /* Main.storyboard in Resources */ = {isa = PBXBuildFile; fileRef = 2884FAC81F033DBA00A6ACFA /* Main.storyboard */; };
		2884FACC1F033DBA00A6ACFA /* Assets.xcassets in Resources */ = {isa = PBXBuildFile; fileRef = 2884FACB1F033DBA00A6ACFA /* Assets.xcassets */; };
		2884FACF1F033DBA00A6ACFA /* LaunchScreen.storyboard in Resources */ = {isa = PBXBuildFile; fileRef = 2884FACD1F033DBA00A6ACFA /* LaunchScreen.storyboard */; };
/* End PBXBuildFile section */

/* Begin PBXFileReference section */
		2884FAC11F033DBA00A6ACFA /* 006-SwiftPracticeDemo.app */ = {isa = PBXFileReference; explicitFileType = wrapper.application; includeInIndex = 0; path = "006-SwiftPracticeDemo.app"; sourceTree = BUILT_PRODUCTS_DIR; };
		2884FAC41F033DBA00A6ACFA /* AppDelegate.swift */ = {isa = PBXFileReference; lastKnownFileType = sourcecode.swift; path = AppDelegate.swift; sourceTree = "<group>"; };
		2884FAC61F033DBA00A6ACFA /* ViewController.swift */ = {isa = PBXFileReference; lastKnownFileType = sourcecode.swift; path = ViewController.swift; sourceTree = "<group>"; };
		2884FAC91F033DBA00A6ACFA /* Base */ = {isa = PBXFileReference; lastKnownFileType = file.storyboard; name = Base; path = Base.lproj/Main.storyboard; sourceTree = "<group>"; };
		2884FACB1F033DBA00A6ACFA /* Assets.xcassets */ = {isa = PBXFileReference; lastKnownFileType = folder.assetcatalog; path = Assets.xcassets; sourceTree = "<group>"; };
		2884FACE1F033DBA00A6ACFA /* Base */ = {isa = PBXFileReference; lastKnownFileType = file.storyboard; name = Base; path = Base.lproj/LaunchScreen.storyboard; sourceTree = "<group>"; };
		2884FAD01F033DBA00A6ACFA /* Info.plist */ = {isa = PBXFileReference; lastKnownFileType = text.plist.xml; path = Info.plist; sourceTree = "<group>"; };
/* End PBXFileReference section */

/* Begin PBXFrameworksBuildPhase section */
		2884FABE1F033DBA00A6ACFA /* Frameworks */ = {
			isa = PBXFrameworksBuildPhase;
			buildActionMask = 2147483647;
			files = (
			);
			runOnlyForDeploymentPostprocessing = 0;
		};
/* End PBXFrameworksBuildPhase section */

/* Begin PBXGroup section */
		2884FAB81F033DBA00A6ACFA = {
			isa = PBXGroup;
			children = (
				2884FAC31F033DBA00A6ACFA /* 006-SwiftPracticeDemo */,
				2884FAC21F033DBA00A6ACFA /* Products */,
			);
			sourceTree = "<group>";
		};
		2884FAC21F033DBA00A6ACFA /* Products */ = {
			isa = PBXGroup;
			children = (
				2884FAC11F033DBA00A6ACFA /* 006-SwiftPracticeDemo.app */,
			);
			name = Products;
			sourceTree = "<group>";
		};
		2884FAC31F033DBA00A6ACFA /* 006-SwiftPracticeDemo */ = {
			isa = PBXGroup;
			children = (
				2884FAC41F033DBA00A6ACFA /* AppDelegate.swift */,
				2884FAC61F033DBA00A6ACFA /* ViewController.swift */,
				2884FAC81F033DBA00A6ACFA /* Main.storyboard */,
				2884FACB1F033DBA00A6ACFA /* Assets.xcassets */,
				2884FACD1F033DBA00A6ACFA /* LaunchScreen.storyboard */,
				2884FAD01F033DBA00A6ACFA /* Info.plist */,
			);
			path = "006-SwiftPracticeDemo";
			sourceTree = "<group>";
		};
/* End PBXGroup section */

/* Begin PBXNativeTarget section */
		2884FAC01F033DBA00A6ACFA /* 006-SwiftPracticeDemo */ = {
			isa = PBXNativeTarget;
			buildConfigurationList = 2884FAD31F033DBA00A6ACFA /* Build configuration list for PBXNativeTarget "006-SwiftPracticeDemo" */;
			buildPhases = (
				2884FABD1F033DBA00A6ACFA /* Sources */,
				2884FABE1F033DBA00A6ACFA /* Frameworks */,
				2884FABF1F033DBA00A6ACFA /* Resources */,
			);
			buildRules = (
			);
			dependencies = (
			);
			name = "006-SwiftPracticeDemo";
			productName = "006-SwiftPracticeDemo";
			productReference = 2884FAC11F033DBA00A6ACFA /* 006-SwiftPracticeDemo.app */;
			productType = "com.apple.product-type.application";
		};
/* End PBXNativeTarget section */

/* Begin PBXProject section */
		2884FAB91F033DBA00A6ACFA /* Project object */ = {
			isa = PBXProject;
			attributes = {
				LastSwiftUpdateCheck = 0830;
				LastUpgradeCheck = 0830;
				ORGANIZATIONNAME = DFHZ;
				TargetAttributes = {
					2884FAC01F033DBA00A6ACFA = {
						CreatedOnToolsVersion = 8.3.3;
						DevelopmentTeam = N3DR39B4G7;
						ProvisioningStyle = Automatic;
					};
				};
			};
			buildConfigurationList = 2884FABC1F033DBA00A6ACFA /* Build configuration list for PBXProject "006-SwiftPracticeDemo" */;
			compatibilityVersion = "Xcode 3.2";
			developmentRegion = English;
			hasScannedForEncodings = 0;
			knownRegions = (
				en,
				Base,
			);
			mainGroup = 2884FAB81F033DBA00A6ACFA;
			productRefGroup = 2884FAC21F033DBA00A6ACFA /* Products */;
			projectDirPath = "";
			projectRoot = "";
			targets = (
				2884FAC01F033DBA00A6ACFA /* 006-SwiftPracticeDemo */,
			);
		};
/* End PBXProject section */

/* Begin PBXResourcesBuildPhase section */
		2884FABF1F033DBA00A6ACFA /* Resources */ = {
			isa = PBXResourcesBuildPhase;
			buildActionMask = 2147483647;
			files = (
				2884FACF1F033DBA00A6ACFA /* LaunchScreen.storyboard in Resources */,
				2884FACC1F033DBA00A6ACFA /* Assets.xcassets in Resources */,
				2884FACA1F033DBA00A6ACFA /* Main.storyboard in Resources */,
			);
			runOnlyForDeploymentPostprocessing = 0;
		};
/* End PBXResourcesBuildPhase section */

/* Begin PBXSourcesBuildPhase section */
		2884FABD1F033DBA00A6ACFA /* Sources */ = {
			isa = PBXSourcesBuildPhase;
			buildActionMask = 2147483647;
			files = (
				2884FAC71F033DBA00A6ACFA /* ViewController.swift in Sources */,
				2884FAC51F033DBA00A6ACFA /* AppDelegate.swift in Sources */,
			);
			runOnlyForDeploymentPostprocessing = 0;
		};
/* End PBXSourcesBuildPhase section */

/* Begin PBXVariantGroup section */
		2884FAC81F033DBA00A6ACFA /* Main.storyboard */ = {
			isa = PBXVariantGroup;
			children = (
				2884FAC91F033DBA00A6ACFA /* Base */,
			);
			name = Main.storyboard;
			sourceTree = "<group>";
		};
		2884FACD1F033DBA00A6ACFA /* LaunchScreen.storyboard */ = {
			isa = PBXVariantGroup;
			children = (
				2884FACE1F033DBA00A6ACFA /* Base */,
			);
			name = LaunchScreen.storyboard;
			sourceTree = "<group>";
		};
/* End PBXVariantGroup section */

/* Begin XCBuildConfiguration section */
		2884FAD11F033DBA00A6ACFA /* Debug */ = {
			isa = XCBuildConfiguration;
			buildSettings = {
				ALWAYS_SEARCH_USER_PATHS = NO;
				CLANG_ANALYZER_NONNULL = YES;
				CLANG_ANALYZER_NUMBER_OBJECT_CONVERSION = YES_AGGRESSIVE;
				CLANG_CXX_LANGUAGE_STANDARD = "gnu++0x";
				CLANG_CXX_LIBRARY = "libc++";
				CLANG_ENABLE_MODULES = YES;
				CLANG_ENABLE_OBJC_ARC = YES;
				CLANG_WARN_BOOL_CONVERSION = YES;
				CLANG_WARN_CONSTANT_CONVERSION = YES;
				CLANG_WARN_DIRECT_OBJC_ISA_USAGE = YES_ERROR;
				CLANG_WARN_DOCUMENTATION_COMMENTS = YES;
				CLANG_WARN_EMPTY_BODY = YES;
				CLANG_WARN_ENUM_CONVERSION = YES;
				CLANG_WARN_INFINITE_RECURSION = YES;
				CLANG_WARN_INT_CONVERSION = YES;
				CLANG_WARN_OBJC_ROOT_CLASS = YES_ERROR;
				CLANG_WARN_SUSPICIOUS_MOVE = YES;
				CLANG_WARN_UNREACHABLE_CODE = YES;
				CLANG_WARN__DUPLICATE_METHOD_MATCH = YES;
				"CODE_SIGN_IDENTITY[sdk=iphoneos*]" = "iPhone Developer";
				COPY_PHASE_STRIP = NO;
				DEBUG_INFORMATION_FORMAT = dwarf;
				ENABLE_STRICT_OBJC_MSGSEND = YES;
				ENABLE_TESTABILITY = YES;
				GCC_C_LANGUAGE_STANDARD = gnu99;
				GCC_DYNAMIC_NO_PIC = NO;
				GCC_NO_COMMON_BLOCKS = YES;
				GCC_OPTIMIZATION_LEVEL = 0;
				GCC_PREPROCESSOR_DEFINITIONS = (
					"DEBUG=1",
					"$(inherited)",
				);
				GCC_WARN_64_TO_32_BIT_CONVERSION = YES;
				GCC_WARN_ABOUT_RETURN_TYPE = YES_ERROR;
				GCC_WARN_UNDECLARED_SELECTOR = YES;
				GCC_WARN_UNINITIALIZED_AUTOS = YES_AGGRESSIVE;
				GCC_WARN_UNUSED_FUNCTION = YES;
				GCC_WARN_UNUSED_VARIABLE = YES;
				IPHONEOS_DEPLOYMENT_TARGET = 10.3;
				MTL_ENABLE_DEBUG_INFO = YES;
				ONLY_ACTIVE_ARCH = YES;
				SDKROOT = iphoneos;
				SWIFT_ACTIVE_COMPILATION_CONDITIONS = DEBUG;
				SWIFT_OPTIMIZATION_LEVEL = "-Onone";
				TARGETED_DEVICE_FAMILY = "1,2";
			};
			name = Debug;
		};
		2884FAD21F033DBA00A6ACFA /* Release */ = {
			isa = XCBuildConfiguration;
			buildSettings = {
				ALWAYS_SEARCH_USER_PATHS = NO;
				CLANG_ANALYZER_NONNULL = YES;
				CLANG_ANALYZER_NUMBER_OBJECT_CONVERSION = YES_AGGRESSIVE;
				CLANG_CXX_LANGUAGE_STANDARD = "gnu++0x";
				CLANG_CXX_LIBRARY = "libc++";
				CLANG_ENABLE_MODULES = YES;
				CLANG_ENABLE_OBJC_ARC = YES;
				CLANG_WARN_BOOL_CONVERSION = YES;
				CLANG_WARN_CONSTANT_CONVERSION = YES;
				CLANG_WARN_DIRECT_OBJC_ISA_USAGE = YES_ERROR;
				CLANG_WARN_DOCUMENTATION_COMMENTS = YES;
				CLANG_WARN_EMPTY_BODY = YES;
				CLANG_WARN_ENUM_CONVERSION = YES;
				CLANG_WARN_INFINITE_RECURSION = YES;
				CLANG_WARN_INT_CONVERSION = YES;
				CLANG_WARN_OBJC_ROOT_CLASS = YES_ERROR;
				CLANG_WARN_SUSPICIOUS_MOVE = YES;
				CLANG_WARN_UNREACHABLE_CODE = YES;
				CLANG_WARN__DUPLICATE_METHOD_MATCH = YES;
				"CODE_SIGN_IDENTITY[sdk=iphoneos*]" = "iPhone Developer";
				COPY_PHASE_STRIP = NO;
				DEBUG_INFORMATION_FORMAT = "dwarf-with-dsym";
				ENABLE_NS_ASSERTIONS = NO;
				ENABLE_STRICT_OBJC_MSGSEND = YES;
				GCC_C_LANGUAGE_STANDARD = gnu99;
				GCC_NO_COMMON_BLOCKS = YES;
				GCC_WARN_64_TO_32_BIT_CONVERSION = YES;
				GCC_WARN_ABOUT_RETURN_TYPE = YES_ERROR;
				GCC_WARN_UNDECLARED_SELECTOR = YES;
				GCC_WARN_UNINITIALIZED_AUTOS = YES_AGGRESSIVE;
				GCC_WARN_UNUSED_FUNCTION = YES;
				GCC_WARN_UNUSED_VARIABLE = YES;
				IPHONEOS_DEPLOYMENT_TARGET = 10.3;
				MTL_ENABLE_DEBUG_INFO = NO;
				SDKROOT = iphoneos;
				SWIFT_OPTIMIZATION_LEVEL = "-Owholemodule";
				TARGETED_DEVICE_FAMILY = "1,2";
				VALIDATE_PRODUCT = YES;
			};
			name = Release;
		};
		2884FAD41F033DBA00A6ACFA /* Debug */ = {
			isa = XCBuildConfiguration;
			buildSettings = {
				ASSETCATALOG_COMPILER_APPICON_NAME = AppIcon;
				DEVELOPMENT_TEAM = N3DR39B4G7;
				INFOPLIST_FILE = "006-SwiftPracticeDemo/Info.plist";
				LD_RUNPATH_SEARCH_PATHS = "$(inherited) @executable_path/Frameworks";
				PRODUCT_BUNDLE_IDENTIFIER = "com.dfhz.-06-SwiftPracticeDemo";
				PRODUCT_NAME = "$(TARGET_NAME)";
				SWIFT_VERSION = 3.0;
			};
			name = Debug;
		};
		2884FAD51F033DBA00A6ACFA /* Release */ = {
			isa = XCBuildConfiguration;
			buildSettings = {
				ASSETCATALOG_COMPILER_APPICON_NAME = AppIcon;
				DEVELOPMENT_TEAM = N3DR39B4G7;
				INFOPLIST_FILE = "006-SwiftPracticeDemo/Info.plist";
				LD_RUNPATH_SEARCH_PATHS = "$(inherited) @executable_path/Frameworks";
				PRODUCT_BUNDLE_IDENTIFIER = "com.dfhz.-06-SwiftPracticeDemo";
				PRODUCT_NAME = "$(TARGET_NAME)";
				SWIFT_VERSION = 3.0;
			};
			name = Release;
		};
/* End XCBuildConfiguration section */

/* Begin XCConfigurationList section */
		2884FABC1F033DBA00A6ACFA /* Build configuration list for PBXProject "006-SwiftPracticeDemo" */ = {
			isa = XCConfigurationList;
			buildConfigurations = (
				2884FAD11F033DBA00A6ACFA /* Debug */,
				2884FAD21F033DBA00A6ACFA /* Release */,
			);
			defaultConfigurationIsVisible = 0;
			defaultConfigurationName = Release;
		};
		2884FAD31F033DBA00A6ACFA /* Build configuration list for PBXNativeTarget "006-SwiftPracticeDemo" */ = {
			isa = XCConfigurationList;
			buildConfigurations = (
				2884FAD41F033DBA00A6ACFA /* Debug */,
				2884FAD51F033DBA00A6ACFA /* Release */,
			);
			defaultConfigurationIsVisible = 0;
		};
/* End XCConfigurationList section */
	};
	rootObject = 2884FAB91F033DBA00A6ACFA /* Project object */;
}
