// !$*UTF8*$!
{
	archiveVersion = 1;
	classes = {
	};
	objectVersion = 46;
	objects = {

/* Begin PBXBuildFile section */
		280852B41F2720D800E43F07 /* AppDelegate.swift in Sources */ = {isa = PBXBuildFile; fileRef = 280852B31F2720D800E43F07 /* AppDelegate.swift */; };
		280852B61F2720D800E43F07 /* ViewController.swift in Sources */ = {isa = PBXBuildFile; fileRef = 280852B51F2720D800E43F07 /* ViewController.swift */; };
		280852B91F2720D800E43F07 /* Main.storyboard in Resources */ = {isa = PBXBuildFile; fileRef = 280852B71F2720D800E43F07 /* Main.storyboard */; };
		280852BB1F2720D800E43F07 /* Assets.xcassets in Resources */ = {isa = PBXBuildFile; fileRef = 280852BA1F2720D800E43F07 /* Assets.xcassets */; };
		280852BE1F2720D800E43F07 /* LaunchScreen.storyboard in Resources */ = {isa = PBXBuildFile; fileRef = 280852BC1F2720D800E43F07 /* LaunchScreen.storyboard */; };
		280852C81F27212D00E43F07 /* ZJHeaderView.swift in Sources */ = {isa = PBXBuildFile; fileRef = 280852C71F27212D00E43F07 /* ZJHeaderView.swift */; };
		280852CA1F27213D00E43F07 /* ZJHeaderView.xib in Resources */ = {isa = PBXBuildFile; fileRef = 280852C91F27213D00E43F07 /* ZJHeaderView.xib */; };
/* End PBXBuildFile section */

/* Begin PBXFileReference section */
		280852B01F2720D800E43F07 /* 016-SwiftPracticeDemo.app */ = {isa = PBXFileReference; explicitFileType = wrapper.application; includeInIndex = 0; path = "016-SwiftPracticeDemo.app"; sourceTree = BUILT_PRODUCTS_DIR; };
		280852B31F2720D800E43F07 /* AppDelegate.swift */ = {isa = PBXFileReference; lastKnownFileType = sourcecode.swift; path = AppDelegate.swift; sourceTree = "<group>"; };
		280852B51F2720D800E43F07 /* ViewController.swift */ = {isa = PBXFileReference; lastKnownFileType = sourcecode.swift; path = ViewController.swift; sourceTree = "<group>"; };
		280852B81F2720D800E43F07 /* Base */ = {isa = PBXFileReference; lastKnownFileType = file.storyboard; name = Base; path = Base.lproj/Main.storyboard; sourceTree = "<group>"; };
		280852BA1F2720D800E43F07 /* Assets.xcassets */ = {isa = PBXFileReference; lastKnownFileType = folder.assetcatalog; path = Assets.xcassets; sourceTree = "<group>"; };
		280852BD1F2720D800E43F07 /* Base */ = {isa = PBXFileReference; lastKnownFileType = file.storyboard; name = Base; path = Base.lproj/LaunchScreen.storyboard; sourceTree = "<group>"; };
		280852BF1F2720D800E43F07 /* Info.plist */ = {isa = PBXFileReference; lastKnownFileType = text.plist.xml; path = Info.plist; sourceTree = "<group>"; };
		280852C71F27212D00E43F07 /* ZJHeaderView.swift */ = {isa = PBXFileReference; fileEncoding = 4; lastKnownFileType = sourcecode.swift; path = ZJHeaderView.swift; sourceTree = "<group>"; };
		280852C91F27213D00E43F07 /* ZJHeaderView.xib */ = {isa = PBXFileReference; fileEncoding = 4; lastKnownFileType = file.xib; path = ZJHeaderView.xib; sourceTree = "<group>"; };
/* End PBXFileReference section */

/* Begin PBXFrameworksBuildPhase section */
		280852AD1F2720D800E43F07 /* Frameworks */ = {
			isa = PBXFrameworksBuildPhase;
			buildActionMask = 2147483647;
			files = (
			);
			runOnlyForDeploymentPostprocessing = 0;
		};
/* End PBXFrameworksBuildPhase section */

/* Begin PBXGroup section */
		280852A71F2720D800E43F07 = {
			isa = PBXGroup;
			children = (
				280852B21F2720D800E43F07 /* 016-SwiftPracticeDemo */,
				280852B11F2720D800E43F07 /* Products */,
			);
			sourceTree = "<group>";
		};
		280852B11F2720D800E43F07 /* Products */ = {
			isa = PBXGroup;
			children = (
				280852B01F2720D800E43F07 /* 016-SwiftPracticeDemo.app */,
			);
			name = Products;
			sourceTree = "<group>";
		};
		280852B21F2720D800E43F07 /* 016-SwiftPracticeDemo */ = {
			isa = PBXGroup;
			children = (
				280852B31F2720D800E43F07 /* AppDelegate.swift */,
				280852B51F2720D800E43F07 /* ViewController.swift */,
				280852B71F2720D800E43F07 /* Main.storyboard */,
				280852BA1F2720D800E43F07 /* Assets.xcassets */,
				280852BC1F2720D800E43F07 /* LaunchScreen.storyboard */,
				280852BF1F2720D800E43F07 /* Info.plist */,
				280852C71F27212D00E43F07 /* ZJHeaderView.swift */,
				280852C91F27213D00E43F07 /* ZJHeaderView.xib */,
			);
			path = "016-SwiftPracticeDemo";
			sourceTree = "<group>";
		};
/* End PBXGroup section */

/* Begin PBXNativeTarget section */
		280852AF1F2720D800E43F07 /* 016-SwiftPracticeDemo */ = {
			isa = PBXNativeTarget;
			buildConfigurationList = 280852C21F2720D800E43F07 /* Build configuration list for PBXNativeTarget "016-SwiftPracticeDemo" */;
			buildPhases = (
				280852AC1F2720D800E43F07 /* Sources */,
				280852AD1F2720D800E43F07 /* Frameworks */,
				280852AE1F2720D800E43F07 /* Resources */,
			);
			buildRules = (
			);
			dependencies = (
			);
			name = "016-SwiftPracticeDemo";
			productName = "016-SwiftPracticeDemo";
			productReference = 280852B01F2720D800E43F07 /* 016-SwiftPracticeDemo.app */;
			productType = "com.apple.product-type.application";
		};
/* End PBXNativeTarget section */

/* Begin PBXProject section */
		280852A81F2720D800E43F07 /* Project object */ = {
			isa = PBXProject;
			attributes = {
				LastSwiftUpdateCheck = 0830;
				LastUpgradeCheck = 0830;
				ORGANIZATIONNAME = DFHZ;
				TargetAttributes = {
					280852AF1F2720D800E43F07 = {
						CreatedOnToolsVersion = 8.3.3;
						DevelopmentTeam = N3DR39B4G7;
						ProvisioningStyle = Automatic;
					};
				};
			};
			buildConfigurationList = 280852AB1F2720D800E43F07 /* Build configuration list for PBXProject "016-SwiftPracticeDemo" */;
			compatibilityVersion = "Xcode 3.2";
			developmentRegion = English;
			hasScannedForEncodings = 0;
			knownRegions = (
				en,
				Base,
			);
			mainGroup = 280852A71F2720D800E43F07;
			productRefGroup = 280852B11F2720D800E43F07 /* Products */;
			projectDirPath = "";
			projectRoot = "";
			targets = (
				280852AF1F2720D800E43F07 /* 016-SwiftPracticeDemo */,
			);
		};
/* End PBXProject section */

/* Begin PBXResourcesBuildPhase section */
		280852AE1F2720D800E43F07 /* Resources */ = {
			isa = PBXResourcesBuildPhase;
			buildActionMask = 2147483647;
			files = (
				280852BE1F2720D800E43F07 /* LaunchScreen.storyboard in Resources */,
				280852CA1F27213D00E43F07 /* ZJHeaderView.xib in Resources */,
				280852BB1F2720D800E43F07 /* Assets.xcassets in Resources */,
				280852B91F2720D800E43F07 /* Main.storyboard in Resources */,
			);
			runOnlyForDeploymentPostprocessing = 0;
		};
/* End PBXResourcesBuildPhase section */

/* Begin PBXSourcesBuildPhase section */
		280852AC1F2720D800E43F07 /* Sources */ = {
			isa = PBXSourcesBuildPhase;
			buildActionMask = 2147483647;
			files = (
				280852B61F2720D800E43F07 /* ViewController.swift in Sources */,
				280852C81F27212D00E43F07 /* ZJHeaderView.swift in Sources */,
				280852B41F2720D800E43F07 /* AppDelegate.swift in Sources */,
			);
			runOnlyForDeploymentPostprocessing = 0;
		};
/* End PBXSourcesBuildPhase section */

/* Begin PBXVariantGroup section */
		280852B71F2720D800E43F07 /* Main.storyboard */ = {
			isa = PBXVariantGroup;
			children = (
				280852B81F2720D800E43F07 /* Base */,
			);
			name = Main.storyboard;
			sourceTree = "<group>";
		};
		280852BC1F2720D800E43F07 /* LaunchScreen.storyboard */ = {
			isa = PBXVariantGroup;
			children = (
				280852BD1F2720D800E43F07 /* Base */,
			);
			name = LaunchScreen.storyboard;
			sourceTree = "<group>";
		};
/* End PBXVariantGroup section */

/* Begin XCBuildConfiguration section */
		280852C01F2720D800E43F07 /* Debug */ = {
			isa = XCBuildConfiguration;
			buildSettings = {
				ALWAYS_SEARCH_USER_PATHS = NO;
				CLANG_ANALYZER_NONNULL = YES;
				CLANG_ANALYZER_NUMBER_OBJECT_CONVERSION = YES_AGGRESSIVE;
				CLANG_CXX_LANGUAGE_STANDARD = "gnu++0x";
				CLANG_CXX_LIBRARY = "libc++";
				CLANG_ENABLE_MODULES = YES;
				CLANG_ENABLE_OBJC_ARC = YES;
				CLANG_WARN_BOOL_CONVERSION = YES;
				CLANG_WARN_CONSTANT_CONVERSION = YES;
				CLANG_WARN_DIRECT_OBJC_ISA_USAGE = YES_ERROR;
				CLANG_WARN_DOCUMENTATION_COMMENTS = YES;
				CLANG_WARN_EMPTY_BODY = YES;
				CLANG_WARN_ENUM_CONVERSION = YES;
				CLANG_WARN_INFINITE_RECURSION = YES;
				CLANG_WARN_INT_CONVERSION = YES;
				CLANG_WARN_OBJC_ROOT_CLASS = YES_ERROR;
				CLANG_WARN_SUSPICIOUS_MOVE = YES;
				CLANG_WARN_UNREACHABLE_CODE = YES;
				CLANG_WARN__DUPLICATE_METHOD_MATCH = YES;
				"CODE_SIGN_IDENTITY[sdk=iphoneos*]" = "iPhone Developer";
				COPY_PHASE_STRIP = NO;
				DEBUG_INFORMATION_FORMAT = dwarf;
				ENABLE_STRICT_OBJC_MSGSEND = YES;
				ENABLE_TESTABILITY = YES;
				GCC_C_LANGUAGE_STANDARD = gnu99;
				GCC_DYNAMIC_NO_PIC = NO;
				GCC_NO_COMMON_BLOCKS = YES;
				GCC_OPTIMIZATION_LEVEL = 0;
				GCC_PREPROCESSOR_DEFINITIONS = (
					"DEBUG=1",
					"$(inherited)",
				);
				GCC_WARN_64_TO_32_BIT_CONVERSION = YES;
				GCC_WARN_ABOUT_RETURN_TYPE = YES_ERROR;
				GCC_WARN_UNDECLARED_SELECTOR = YES;
				GCC_WARN_UNINITIALIZED_AUTOS = YES_AGGRESSIVE;
				GCC_WARN_UNUSED_FUNCTION = YES;
				GCC_WARN_UNUSED_VARIABLE = YES;
				IPHONEOS_DEPLOYMENT_TARGET = 10.3;
				MTL_ENABLE_DEBUG_INFO = YES;
				ONLY_ACTIVE_ARCH = YES;
				SDKROOT = iphoneos;
				SWIFT_ACTIVE_COMPILATION_CONDITIONS = DEBUG;
				SWIFT_OPTIMIZATION_LEVEL = "-Onone";
				TARGETED_DEVICE_FAMILY = "1,2";
			};
			name = Debug;
		};
		280852C11F2720D800E43F07 /* Release */ = {
			isa = XCBuildConfiguration;
			buildSettings = {
				ALWAYS_SEARCH_USER_PATHS = NO;
				CLANG_ANALYZER_NONNULL = YES;
				CLANG_ANALYZER_NUMBER_OBJECT_CONVERSION = YES_AGGRESSIVE;
				CLANG_CXX_LANGUAGE_STANDARD = "gnu++0x";
				CLANG_CXX_LIBRARY = "libc++";
				CLANG_ENABLE_MODULES = YES;
				CLANG_ENABLE_OBJC_ARC = YES;
				CLANG_WARN_BOOL_CONVERSION = YES;
				CLANG_WARN_CONSTANT_CONVERSION = YES;
				CLANG_WARN_DIRECT_OBJC_ISA_USAGE = YES_ERROR;
				CLANG_WARN_DOCUMENTATION_COMMENTS = YES;
				CLANG_WARN_EMPTY_BODY = YES;
				CLANG_WARN_ENUM_CONVERSION = YES;
				CLANG_WARN_INFINITE_RECURSION = YES;
				CLANG_WARN_INT_CONVERSION = YES;
				CLANG_WARN_OBJC_ROOT_CLASS = YES_ERROR;
				CLANG_WARN_SUSPICIOUS_MOVE = YES;
				CLANG_WARN_UNREACHABLE_CODE = YES;
				CLANG_WARN__DUPLICATE_METHOD_MATCH = YES;
				"CODE_SIGN_IDENTITY[sdk=iphoneos*]" = "iPhone Developer";
				COPY_PHASE_STRIP = NO;
				DEBUG_INFORMATION_FORMAT = "dwarf-with-dsym";
				ENABLE_NS_ASSERTIONS = NO;
				ENABLE_STRICT_OBJC_MSGSEND = YES;
				GCC_C_LANGUAGE_STANDARD = gnu99;
				GCC_NO_COMMON_BLOCKS = YES;
				GCC_WARN_64_TO_32_BIT_CONVERSION = YES;
				GCC_WARN_ABOUT_RETURN_TYPE = YES_ERROR;
				GCC_WARN_UNDECLARED_SELECTOR = YES;
				GCC_WARN_UNINITIALIZED_AUTOS = YES_AGGRESSIVE;
				GCC_WARN_UNUSED_FUNCTION = YES;
				GCC_WARN_UNUSED_VARIABLE = YES;
				IPHONEOS_DEPLOYMENT_TARGET = 10.3;
				MTL_ENABLE_DEBUG_INFO = NO;
				SDKROOT = iphoneos;
				SWIFT_OPTIMIZATION_LEVEL = "-Owholemodule";
				TARGETED_DEVICE_FAMILY = "1,2";
				VALIDATE_PRODUCT = YES;
			};
			name = Release;
		};
		280852C31F2720D800E43F07 /* Debug */ = {
			isa = XCBuildConfiguration;
			buildSettings = {
				ASSETCATALOG_COMPILER_APPICON_NAME = AppIcon;
				DEVELOPMENT_TEAM = N3DR39B4G7;
				INFOPLIST_FILE = "016-SwiftPracticeDemo/Info.plist";
				LD_RUNPATH_SEARCH_PATHS = "$(inherited) @executable_path/Frameworks";
				PRODUCT_BUNDLE_IDENTIFIER = "com.dfhz.-16-SwiftPracticeDemo";
				PRODUCT_NAME = "$(TARGET_NAME)";
				SWIFT_VERSION = 3.0;
			};
			name = Debug;
		};
		280852C41F2720D800E43F07 /* Release */ = {
			isa = XCBuildConfiguration;
			buildSettings = {
				ASSETCATALOG_COMPILER_APPICON_NAME = AppIcon;
				DEVELOPMENT_TEAM = N3DR39B4G7;
				INFOPLIST_FILE = "016-SwiftPracticeDemo/Info.plist";
				LD_RUNPATH_SEARCH_PATHS = "$(inherited) @executable_path/Frameworks";
				PRODUCT_BUNDLE_IDENTIFIER = "com.dfhz.-16-SwiftPracticeDemo";
				PRODUCT_NAME = "$(TARGET_NAME)";
				SWIFT_VERSION = 3.0;
			};
			name = Release;
		};
/* End XCBuildConfiguration section */

/* Begin XCConfigurationList section */
		280852AB1F2720D800E43F07 /* Build configuration list for PBXProject "016-SwiftPracticeDemo" */ = {
			isa = XCConfigurationList;
			buildConfigurations = (
				280852C01F2720D800E43F07 /* Debug */,
				280852C11F2720D800E43F07 /* Release */,
			);
			defaultConfigurationIsVisible = 0;
			defaultConfigurationName = Release;
		};
		280852C21F2720D800E43F07 /* Build configuration list for PBXNativeTarget "016-SwiftPracticeDemo" */ = {
			isa = XCConfigurationList;
			buildConfigurations = (
				280852C31F2720D800E43F07 /* Debug */,
				280852C41F2720D800E43F07 /* Release */,
			);
			defaultConfigurationIsVisible = 0;
		};
/* End XCConfigurationList section */
	};
	rootObject = 280852A81F2720D800E43F07 /* Project object */;
}
